{
  "nodes": {
    "flake-utils": {
      "locked": {
        "lastModified": 1623875721,
        "narHash": "sha256-A8BU7bjS5GirpAUv4QA+QnJ4CceLHkcXdRp4xITDB0s=",
        "owner": "numtide",
        "repo": "flake-utils",
        "rev": "f7e004a55b120c02ecb6219596820fcd32ca8772",
        "type": "github"
      },
      "original": {
        "owner": "numtide",
        "repo": "flake-utils",
        "type": "github"
      }
    },
    "flake-utils_2": {
      "locked": {
        "lastModified": 1623875721,
        "narHash": "sha256-A8BU7bjS5GirpAUv4QA+QnJ4CceLHkcXdRp4xITDB0s=",
        "owner": "numtide",
        "repo": "flake-utils",
        "rev": "f7e004a55b120c02ecb6219596820fcd32ca8772",
        "type": "github"
      },
      "original": {
        "owner": "numtide",
        "repo": "flake-utils",
        "type": "github"
      }
    },
    "flake-utils_3": {
      "locked": {
        "lastModified": 1623875721,
        "narHash": "sha256-A8BU7bjS5GirpAUv4QA+QnJ4CceLHkcXdRp4xITDB0s=",
        "owner": "numtide",
        "repo": "flake-utils",
        "rev": "f7e004a55b120c02ecb6219596820fcd32ca8772",
        "type": "github"
      },
      "original": {
        "owner": "numtide",
        "repo": "flake-utils",
        "type": "github"
      }
    },
    "nixpkgs": {
      "locked": {
        "lastModified": 1625223284,
        "narHash": "sha256-jjLcDSU1rRiJb+n3uez23XAa7kbnPcGZTa6jIKh1GMQ=",
        "owner": "NixOS",
        "repo": "nixpkgs",
        "rev": "357d2c8f6087685fe35cb1889a005a4dd4cce7b8",
        "type": "github"
      },
      "original": {
        "id": "nixpkgs",
        "ref": "nixpkgs-unstable",
        "type": "indirect"
      }
    },
    "nixpkgs_2": {
      "locked": {
        "lastModified": 1625223284,
        "narHash": "sha256-jjLcDSU1rRiJb+n3uez23XAa7kbnPcGZTa6jIKh1GMQ=",
        "owner": "NixOS",
        "repo": "nixpkgs",
        "rev": "357d2c8f6087685fe35cb1889a005a4dd4cce7b8",
        "type": "github"
      },
      "original": {
        "id": "nixpkgs",
        "ref": "nixpkgs-unstable",
        "type": "indirect"
      }
    },
    "nixpkgs_3": {
      "locked": {
        "lastModified": 1625223284,
        "narHash": "sha256-jjLcDSU1rRiJb+n3uez23XAa7kbnPcGZTa6jIKh1GMQ=",
        "owner": "NixOS",
        "repo": "nixpkgs",
        "rev": "357d2c8f6087685fe35cb1889a005a4dd4cce7b8",
        "type": "github"
      },
      "original": {
        "id": "nixpkgs",
        "ref": "nixpkgs-unstable",
        "type": "indirect"
      }
    },
    "pidcalib2": {
      "inputs": {
        "flake-utils": [
          "root-curated",
          "flake-utils"
        ],
        "nixpkgs": [
          "root-curated",
          "nixpkgs"
        ],
        "root-curated": "root-curated"
      },
      "locked": {
        "lastModified": 1743773385,
        "narHash": "sha256-LLfPa7afqa/juB5EXI1TWvsbeqeBh2LF8hU2peQi9BI=",
        "owner": "umd-lhcb",
        "repo": "pidcalib2",
        "rev": "8c847c6e0f1acad79245e84eb3704612e08f00a1",
        "type": "github"
      },
      "original": {
        "owner": "umd-lhcb",
        "repo": "pidcalib2",
        "type": "github"
      }
    },
    "pyTuplingUtils": {
      "inputs": {
        "flake-utils": [
          "root-curated",
          "flake-utils"
        ],
        "nixpkgs": [
          "root-curated",
          "nixpkgs"
        ],
        "root-curated": "root-curated_2"
      },
      "locked": {
        "lastModified": 1655306590,
        "narHash": "sha256-vF0GHgYXChQ+d0+7ExJzq6FaOfNIzeR+vHX/mpdjnMI=",
        "owner": "umd-lhcb",
        "repo": "pyTuplingUtils",
        "rev": "fa3202c6083ce8223414a8191e7e3fd5f36db0cf",
        "type": "github"
      },
      "original": {
        "owner": "umd-lhcb",
        "repo": "pyTuplingUtils",
        "type": "github"
      }
    },
    "root": {
      "inputs": {
        "flake-utils": [
          "root-curated",
          "flake-utils"
        ],
        "nixpkgs": [
          "root-curated",
          "nixpkgs"
        ],
        "pidcalib2": "pidcalib2",
        "pyTuplingUtils": "pyTuplingUtils",
        "root-curated": "root-curated_3"
      }
    },
    "root-curated": {
      "inputs": {
        "flake-utils": "flake-utils",
        "nixpkgs": "nixpkgs"
      },
      "locked": {
        "lastModified": 1655306486,
        "narHash": "sha256-SX+9imom16R7FgVwX+bwAmfjxyzY0rB2SxWnbtdc+yk=",
        "owner": "umd-lhcb",
        "repo": "root-curated",
        "rev": "a5571fb3e8d8ad185bf443697106b4a142a47945",
        "type": "github"
      },
      "original": {
        "owner": "umd-lhcb",
        "repo": "root-curated",
        "type": "github"
      }
    },
    "root-curated_2": {
      "inputs": {
        "flake-utils": "flake-utils_2",
        "nixpkgs": "nixpkgs_2"
      },
      "locked": {
        "lastModified": 1655306486,
        "narHash": "sha256-SX+9imom16R7FgVwX+bwAmfjxyzY0rB2SxWnbtdc+yk=",
        "owner": "umd-lhcb",
        "repo": "root-curated",
        "rev": "a5571fb3e8d8ad185bf443697106b4a142a47945",
        "type": "github"
      },
      "original": {
        "owner": "umd-lhcb",
        "repo": "root-curated",
        "type": "github"
      }
    },
    "root-curated_3": {
      "inputs": {
        "flake-utils": "flake-utils_3",
        "nixpkgs": "nixpkgs_3"
      },
      "locked": {
        "lastModified": 1761823957,
        "narHash": "sha256-CF5svcNDEUBB4NwHhW7FPw+8aD5KThLJAHSLHbsZ8p4=",
        "owner": "umd-lhcb",
        "repo": "root-curated",
        "rev": "84f50482887026fc75410a6b663917a2ebc0d432",
        "type": "github"
      },
      "original": {
        "owner": "umd-lhcb",
        "ref": "lmg_misid_validation_fit_v6_36",
        "repo": "root-curated",
        "type": "github"
      }
    }
  },
  "root": "root",
  "version": 7
}
